
Microsoft Visual Studio Solution File, Format Version 12.00
# Visual Studio Version 17
VisualStudioVersion = 17.4.33403.182
MinimumVisualStudioVersion = 10.0.40219.1
Project("{8BC9CEB8-8B4A-11D0-8D11-00A0C91BC942}") = "1_Hello_World", "1_Hello_World\1_Hello_World.vcxproj", "{613F1645-0EA4-4798-9C3D-04600DC4AE0B}"
EndProject
Global
	GlobalSection(SolutionConfigurationPlatforms) = preSolution
		Debug|x64 = Debug|x64
		Debug|x86 = Debug|x86
		Release|x64 = Release|x64
		Release|x86 = Release|x86
	EndGlobalSection
	GlobalSection(ProjectConfigurationPlatforms) = postSolution
		{613F1645-0EA4-4798-9C3D-04600DC4AE0B}.Debug|x64.ActiveCfg = Debug|x64
		{613F1645-0EA4-4798-9C3D-04600DC4AE0B}.Debug|x64.Build.0 = Debug|x64
		{613F1645-0EA4-4798-9C3D-04600DC4AE0B}.Debug|x86.ActiveCfg = Debug|Win32
		{613F1645-0EA4-4798-9C3D-04600DC4AE0B}.Debug|x86.Build.0 = Debug|Win32
		{613F1645-0EA4-4798-9C3D-04600DC4AE0B}.Release|x64.ActiveCfg = Release|x64
		{613F1645-0EA4-4798-9C3D-04600DC4AE0B}.Release|x64.Build.0 = Release|x64
		{613F1645-0EA4-4798-9C3D-04600DC4AE0B}.Release|x86.ActiveCfg = Release|Win32
		{613F1645-0EA4-4798-9C3D-04600DC4AE0B}.Release|x86.Build.0 = Release|Win32
	EndGlobalSection
	GlobalSection(SolutionProperties) = preSolution
		HideSolutionNode = FALSE
	EndGlobalSection
	GlobalSection(ExtensibilityGlobals) = postSolution
		SolutionGuid = {F9247223-F87D-4BDC-B8D2-AD8EB9C77CD1}
	EndGlobalSection
EndGlobal
